
Microsoft Visual Studio Solution File, Format Version 12.00
Project("{FAE04EC0-301F-11D3-BF4B-00C04F79EFBC}") = "CacheAspectUniversalWrapper", "CacheAspectUniversalWrapper.csproj", "{77B9248C-633A-40FA-AE1A-98B0E1BBAE64}"
EndProject
Global
	GlobalSection(SolutionConfigurationPlatforms) = preSolution
		Debug|Any CPU = Debug|Any CPU
		Release|Any CPU = Release|Any CPU
	EndGlobalSection
	GlobalSection(ProjectConfigurationPlatforms) = postSolution
		{77B9248C-633A-40FA-AE1A-98B0E1BBAE64}.Debug|Any CPU.ActiveCfg = Debug|Any CPU
		{77B9248C-633A-40FA-AE1A-98B0E1BBAE64}.Debug|Any CPU.Build.0 = Debug|Any CPU
		{77B9248C-633A-40FA-AE1A-98B0E1BBAE64}.Release|Any CPU.ActiveCfg = Release|Any CPU
		{77B9248C-633A-40FA-AE1A-98B0E1BBAE64}.Release|Any CPU.Build.0 = Release|Any CPU
	EndGlobalSection
EndGlobal
